
Microsoft Visual Studio Solution File, Format Version 12.00
# Visual Studio Version 16
VisualStudioVersion = 16.0.30413.136
MinimumVisualStudioVersion = 10.0.40219.1
Project("{FAE04EC0-301F-11D3-BF4B-00C04F79EFBC}") = "CareerCloud.Pocos", "CareerCloud.Pocos\CareerCloud.Pocos.csproj", "{DC46A57B-F188-432F-BF78-C58942AFD9B1}"
EndProject
Project("{FAE04EC0-301F-11D3-BF4B-00C04F79EFBC}") = "CareerCloud.DataAccessLayer", "CareerCloud.DataAccessLayer\CareerCloud.DataAccessLayer.csproj", "{677990DB-2E32-40FC-8310-62F9EDD432B0}"
EndProject
Project("{FAE04EC0-301F-11D3-BF4B-00C04F79EFBC}") = "CareerCloud.ADODataAccessLayer", "CareerCloud.ADODataAccessLayer\CareerCloud.ADODataAccessLayer.csproj", "{EED1EC6C-18E2-41D7-8E39-C9308810E06B}"
EndProject
Project("{FAE04EC0-301F-11D3-BF4B-00C04F79EFBC}") = "CareerCloud.UnitTests.Assignment2", "CareerCloud.UnitTests.Assignment2\CareerCloud.UnitTests.Assignment2\CareerCloud.UnitTests.Assignment2.csproj", "{6E68DDCD-CDB9-4ABF-8DF3-57AE31F474E3}"
EndProject
Project("{FAE04EC0-301F-11D3-BF4B-00C04F79EFBC}") = "CareerCloud.BusinessLogicLayer", "CareerCloud.BusinessLogicLayer\CareerCloud.BusinessLogicLayer.csproj", "{00AE54EF-8E0E-4A06-B33D-7C4DA2778887}"
EndProject
Project("{FAE04EC0-301F-11D3-BF4B-00C04F79EFBC}") = "CareerCloud.UnitTests.Assignment3", "CareerCloud.UnitTests.Assignment3\CareerCloud.UnitTests.Assignment3\CareerCloud.UnitTests.Assignment3.csproj", "{2D394F6A-C67B-4127-895E-8F6812942AC5}"
EndProject
Global
	GlobalSection(SolutionConfigurationPlatforms) = preSolution
		Debug|Any CPU = Debug|Any CPU
		Release|Any CPU = Release|Any CPU
	EndGlobalSection
	GlobalSection(ProjectConfigurationPlatforms) = postSolution
		{DC46A57B-F188-432F-BF78-C58942AFD9B1}.Debug|Any CPU.ActiveCfg = Debug|Any CPU
		{DC46A57B-F188-432F-BF78-C58942AFD9B1}.Debug|Any CPU.Build.0 = Debug|Any CPU
		{DC46A57B-F188-432F-BF78-C58942AFD9B1}.Release|Any CPU.ActiveCfg = Release|Any CPU
		{DC46A57B-F188-432F-BF78-C58942AFD9B1}.Release|Any CPU.Build.0 = Release|Any CPU
		{677990DB-2E32-40FC-8310-62F9EDD432B0}.Debug|Any CPU.ActiveCfg = Debug|Any CPU
		{677990DB-2E32-40FC-8310-62F9EDD432B0}.Debug|Any CPU.Build.0 = Debug|Any CPU
		{677990DB-2E32-40FC-8310-62F9EDD432B0}.Release|Any CPU.ActiveCfg = Release|Any CPU
		{677990DB-2E32-40FC-8310-62F9EDD432B0}.Release|Any CPU.Build.0 = Release|Any CPU
		{EED1EC6C-18E2-41D7-8E39-C9308810E06B}.Debug|Any CPU.ActiveCfg = Debug|Any CPU
		{EED1EC6C-18E2-41D7-8E39-C9308810E06B}.Debug|Any CPU.Build.0 = Debug|Any CPU
		{EED1EC6C-18E2-41D7-8E39-C9308810E06B}.Release|Any CPU.ActiveCfg = Release|Any CPU
		{EED1EC6C-18E2-41D7-8E39-C9308810E06B}.Release|Any CPU.Build.0 = Release|Any CPU
		{6E68DDCD-CDB9-4ABF-8DF3-57AE31F474E3}.Debug|Any CPU.ActiveCfg = Debug|Any CPU
		{6E68DDCD-CDB9-4ABF-8DF3-57AE31F474E3}.Debug|Any CPU.Build.0 = Debug|Any CPU
		{6E68DDCD-CDB9-4ABF-8DF3-57AE31F474E3}.Release|Any CPU.ActiveCfg = Release|Any CPU
		{6E68DDCD-CDB9-4ABF-8DF3-57AE31F474E3}.Release|Any CPU.Build.0 = Release|Any CPU
		{00AE54EF-8E0E-4A06-B33D-7C4DA2778887}.Debug|Any CPU.ActiveCfg = Debug|Any CPU
		{00AE54EF-8E0E-4A06-B33D-7C4DA2778887}.Debug|Any CPU.Build.0 = Debug|Any CPU
		{00AE54EF-8E0E-4A06-B33D-7C4DA2778887}.Release|Any CPU.ActiveCfg = Release|Any CPU
		{00AE54EF-8E0E-4A06-B33D-7C4DA2778887}.Release|Any CPU.Build.0 = Release|Any CPU
		{2D394F6A-C67B-4127-895E-8F6812942AC5}.Debug|Any CPU.ActiveCfg = Debug|Any CPU
		{2D394F6A-C67B-4127-895E-8F6812942AC5}.Debug|Any CPU.Build.0 = Debug|Any CPU
		{2D394F6A-C67B-4127-895E-8F6812942AC5}.Release|Any CPU.ActiveCfg = Release|Any CPU
		{2D394F6A-C67B-4127-895E-8F6812942AC5}.Release|Any CPU.Build.0 = Release|Any CPU
	EndGlobalSection
	GlobalSection(SolutionProperties) = preSolution
		HideSolutionNode = FALSE
	EndGlobalSection
	GlobalSection(ExtensibilityGlobals) = postSolution
		SolutionGuid = {793EA52F-98B3-45D1-9C84-3558977E2E01}
	EndGlobalSection
EndGlobal
